
Microsoft Visual Studio Solution File, Format Version 12.00
# Visual Studio Version 17
VisualStudioVersion = 17.13.35825.156 d17.13
MinimumVisualStudioVersion = 10.0.40219.1
Project("{FAE04EC0-301F-11D3-BF4B-00C04F79EFBC}") = "MnemosAPI", "MnemosAPI\MnemosAPI.csproj", "{7D8F9FF2-1E42-4020-8B51-9848F6045514}"
EndProject
Global
	GlobalSection(SolutionConfigurationPlatforms) = preSolution
		Debug|Any CPU = Debug|Any CPU
		Release|Any CPU = Release|Any CPU
	EndGlobalSection
	GlobalSection(ProjectConfigurationPlatforms) = postSolution
		{7D8F9FF2-1E42-4020-8B51-9848F6045514}.Debug|Any CPU.ActiveCfg = Debug|Any CPU
		{7D8F9FF2-1E42-4020-8B51-9848F6045514}.Debug|Any CPU.Build.0 = Debug|Any CPU
		{7D8F9FF2-1E42-4020-8B51-9848F6045514}.Release|Any CPU.ActiveCfg = Release|Any CPU
		{7D8F9FF2-1E42-4020-8B51-9848F6045514}.Release|Any CPU.Build.0 = Release|Any CPU
	EndGlobalSection
	GlobalSection(SolutionProperties) = preSolution
		HideSolutionNode = FALSE
	EndGlobalSection
	GlobalSection(ExtensibilityGlobals) = postSolution
		SolutionGuid = {7430C37F-4F6F-4542-B2C0-5B85B1561F0D}
	EndGlobalSection
EndGlobal
